{
  "name": "textgraph-sample-node",
  "lockfileVersion": 3,
  "requires": true,
  "packages": {
    "": {
      "name": "textgraph-sample-node",
      "dependencies": {
        "@drawmotive/textgraph": "file:../.artifacts/textgraph.tgz"
      },
      "engines": {
        "node": ">=22"
      }
    },
    "node_modules/@drawmotive/textgraph": {
      "version": "0.2.0",
      "resolved": "file:../.artifacts/textgraph.tgz",
      "integrity": "sha512-dDJbirE9KPk4y/4CbKShT2NM3XpvoJ8GasHIVSbG5TMQnpw/9bahHJuxeY5OIK09J6VWgK+e2UkAIbtjAFyowQ==",
      "license": "MIT",
      "bin": {
        "textgraph-copy-assets": "scripts/copy-assets.mjs"
      },
      "engines": {
        "node": ">=22"
      },
      "peerDependencies": {
        "react": "^18.2.0 || ^19.0.0"
      },
      "peerDependenciesMeta": {
        "react": {
          "optional": true
        }
      }
    }
  }
}
